version = 1
revision = 3
requires-python = ">=3.9, <3.14"
resolution-markers = [
    "python_full_version >= '3.11'",
    "python_full_version == '3.10.*'",
    "python_full_version < '3.10'",
]

[[package]]
name = "dora-rs"
version = "0.3.12"
source = { registry = "https://pypi.org/simple" }
dependencies = [
    { name = "pyarrow" },
]
sdist = { url = "https://files.pythonhosted.org/packages/c5/3f/db3c0c57f3fec666d90001b8222536b40f2c50538daf324a42ffb0f1e6b0/dora_rs-0.3.12.tar.gz", hash = "sha256:92148d5bb62d3b354f712df292302d3af1a96253776bf9010bff0d972dd3adde", size = 304323, upload-time = "2025-06-30T15:28:52.325Z" }
wheels = [
    { url = "https://files.pythonhosted.org/packages/dd/71/c7e2ed0742a52edb1e3d9308acfa2d2f045e20a12a4e963b23f78dad0ca4/dora_rs-0.3.12-cp37-abi3-macosx_11_0_arm64.whl", hash = "sha256:f0d8f4debfa1d622a9d42579eb5e3da6fbef8609c76aea90e6c2a462640c3f24", size = 15731753, upload-time = "2025-07-03T15:25:32.123Z" },
    { url = "https://files.pythonhosted.org/packages/2a/dc/ae34d047f082e41e0bdc031ba6d0aeae708de53316dac4ddb6c23d256000/dora_rs-0.3.12-cp37-abi3-macosx_14_5_arm64.whl", hash = "sha256:c28c0283c9d604666adfdb5233fdd74fc30c5c2d12113faa6b2d2c00792c9631", size = 15710477, upload-time = "2025-06-30T15:28:30.73Z" },
    { url = "https://files.pythonhosted.org/packages/f9/9a/266ba644b1b88d8dce7442bf07491a7efcbb370472a0f81e311f68ab6b20/dora_rs-0.3.12-cp37-abi3-macosx_14_5_x86_64.whl", hash = "sha256:e66e7da4a530e331bc7a578455d8159ddcbcc28937b4244531eac213dc5a0994", size = 16002397, upload-time = "2025-06-30T15:28:33.903Z" },
    { url = "https://files.pythonhosted.org/packages/2a/14/cc23e5223bf85ec5d5406c96b0e1c1790a34cee1fd8e527e1c6d6fa96578/dora_rs-0.3.12-cp37-abi3-manylinux_2_28_aarch64.whl", hash = "sha256:829255a71cbd0934a8cd294575e6844c4f2ebe4eddb3d99ee88168cf5db425d9", size = 14929902, upload-time = "2025-06-30T15:28:17.345Z" },
    { url = "https://files.pythonhosted.org/packages/92/00/a27d38fa670fe18c29e87d46bd7c870864c786c6167ff0453d014786653e/dora_rs-0.3.12-cp37-abi3-manylinux_2_28_armv7l.whl", hash = "sha256:a72855b881371357128a49205f95e1a4699673f589c8650b470de975276a667e", size = 13679078, upload-time = "2025-06-30T15:28:21.801Z" },
    { url = "https://files.pythonhosted.org/packages/91/33/cdb694980687760799682f5a262fa534b2a7f84de6d09990b484051b9540/dora_rs-0.3.12-cp37-abi3-manylinux_2_28_i686.whl", hash = "sha256:13e03213f3fc7b303263822628debc64d28daad6e4bc63c316123df9ee8a0b93", size = 16513457, upload-time = "2025-06-30T15:28:24.571Z" },
    { url = "https://files.pythonhosted.org/packages/97/6c/97b22218705dfdd00677bf1cadd390f06db25f85bb769c0d1c43fdf9a54a/dora_rs-0.3.12-cp37-abi3-manylinux_2_28_x86_64.whl", hash = "sha256:b95aceaaa62d7f238c52f26528aec96ee2e3c0666a2248ebf7d266f042ffbe7a", size = 15380271, upload-time = "2025-06-30T15:28:27.725Z" },
    { url = "https://files.pythonhosted.org/packages/25/43/7abb80782ea81614e021162e2fe4ebd26e65e7ff3923b67d9b546759ce78/dora_rs-0.3.12-cp37-abi3-musllinux_1_2_aarch64.whl", hash = "sha256:8cf5d400ee03a1370c3eea585ad0d056c765c343e97a3cff89f49ecb354f9e39", size = 18290009, upload-time = "2025-06-30T15:28:37.383Z" },
    { url = "https://files.pythonhosted.org/packages/7c/a1/1ef9640a095555cf56955c003ecc22f4f903b685786a34f08d2483d4ab6c/dora_rs-0.3.12-cp37-abi3-musllinux_1_2_armv7l.whl", hash = "sha256:2c86cf88ae5435f1b2fb6d904c1962c46f6487bcc58b8677f27355798429f7d4", size = 17380980, upload-time = "2025-06-30T15:28:43.124Z" },
    { url = "https://files.pythonhosted.org/packages/32/b7/237f736088f464bdb565438b053fa9934969b7a2bd5a38ebb82d6b226c2b/dora_rs-0.3.12-cp37-abi3-musllinux_1_2_i686.whl", hash = "sha256:a606c447fa438dd6aad3dbbfdfb2595c3ef706c4d40dd00ae6a57472a9d295f9", size = 18334458, upload-time = "2025-06-30T15:28:46.887Z" },
    { url = "https://files.pythonhosted.org/packages/e5/fd/ecbc6c76673f25e155027b3f6f7f127992564de056a3615ed6e52629bf6c/dora_rs-0.3.12-cp37-abi3-musllinux_1_2_x86_64.whl", hash = "sha256:ef4b18bc234a3c9d56a229dfa8db78f8e1315ed913206857f1bd58ad1d0db1a5", size = 18350716, upload-time = "2025-06-30T15:28:49.825Z" },
    { url = "https://files.pythonhosted.org/packages/05/02/7f0b2fedeba03971b9f63d5815f066ebdb00c99a0ffc2a4c0252ba3ad4ee/dora_rs-0.3.12-cp37-abi3-win_amd64.whl", hash = "sha256:1335dd11db1eb64d9e36b5fc21ff3c316f455c7fa1ade064e9168e146ea92d97", size = 13242066, upload-time = "2025-06-30T15:28:55.104Z" },
]

[[package]]
name = "dora-rs-cli"
version = "0.3.12"
source = { registry = "https://pypi.org/simple" }
dependencies = [
    { name = "dora-rs" },
    { name = "uv" },
]
sdist = { url = "https://files.pythonhosted.org/packages/b3/06/06e6d3245cb567e0774233d4dfb4eddbd99d7190a070ca5d039adf2b184f/dora_rs_cli-0.3.12.tar.gz", hash = "sha256:af85240fbefb6c463fd3c1ceb4db0cf17cd59b9a90441e0b23b2734aa2bcb4d4", size = 244988, upload-time = "2025-06-30T15:29:04.5Z" }
wheels = [
    { url = "https://files.pythonhosted.org/packages/b3/c4/975c3a54ed332fa844e4c6768532c9ec5edcf2d79a6d1bbe227ff509876e/dora_rs_cli-0.3.12-cp37-abi3-macosx_11_0_arm64.whl", hash = "sha256:b8f3e6846631d7ae4286887a8d03d64f39d6b96f2c8f608e887e533d907007be", size = 16512732, upload-time = "2025-07-03T15:22:45.16Z" },
    { url = "https://files.pythonhosted.org/packages/09/e8/eb8eb1b6402ca42c634d56254e39f04ad8caea1b19b2651e9238ea636515/dora_rs_cli-0.3.12-cp37-abi3-macosx_14_5_arm64.whl", hash = "sha256:f9ccdb93fa3906de48b18c598ff0895a744006a46703dfa9be1fa1ce95e5820b", size = 16504041, upload-time = "2025-06-30T15:28:44.71Z" },
    { url = "https://files.pythonhosted.org/packages/7b/47/96aa3f6f46d6ed06f4db46f87e4b0e15d2a3b611395e4978c4e94cf2e16c/dora_rs_cli-0.3.12-cp37-abi3-macosx_14_5_x86_64.whl", hash = "sha256:fad47d1bfd428bc861da8c067f4d256af00601f5e739c099b848d4a9af8b98df", size = 16760764, upload-time = "2025-06-30T15:28:47.66Z" },
    { url = "https://files.pythonhosted.org/packages/fe/b1/be6aa6de1bccb00c48623a219635061b94b1507361608b98b36d81fa4c0b/dora_rs_cli-0.3.12-cp37-abi3-manylinux_2_28_aarch64.whl", hash = "sha256:18b3a7f8746257c5fec77ba330c5187b4b4bd2f710c81745170c6d687a24e0d2", size = 15697463, upload-time = "2025-06-30T15:28:28.279Z" },
    { url = "https://files.pythonhosted.org/packages/af/f6/073e1e2fa7174a7c03c52c7e2d3a9b90b32eb34337cf90bc1ad8a2be593a/dora_rs_cli-0.3.12-cp37-abi3-manylinux_2_28_armv7l.whl", hash = "sha256:7d5e6e1f8a11b66d4962bd98cf9c7032f91ffcfa5f370f0087f02ded58fb4893", size = 14943817, upload-time = "2025-06-30T15:28:31.566Z" },
    { url = "https://files.pythonhosted.org/packages/f6/19/646f7211c0eaada1b96c399d5b19772fafb1ff51dac1c8eb5bce46a3f532/dora_rs_cli-0.3.12-cp37-abi3-manylinux_2_28_i686.whl", hash = "sha256:7489b8e7706c6f4982872e961665f91052b87af33fed81c4d8f30829fd5bc09b", size = 17537827, upload-time = "2025-06-30T15:28:35.019Z" },
    { url = "https://files.pythonhosted.org/packages/ee/30/841019327102b90708db62f7c3ebfde1e94d3e46448363dcda2ab4a349a1/dora_rs_cli-0.3.12-cp37-abi3-manylinux_2_28_x86_64.whl", hash = "sha256:b984b4727fb6a0e264b29f3459e40c846085ee526637ca8660d49643e6122b31", size = 16140839, upload-time = "2025-06-30T15:28:40.692Z" },
    { url = "https://files.pythonhosted.org/packages/2f/4c/d2b80f0b5a9295a51d1f4b60bee713cba82facc5d543ec863e9c127924ca/dora_rs_cli-0.3.12-cp37-abi3-musllinux_1_2_aarch64.whl", hash = "sha256:a121b96720a9cc148147f20515a10173d2e83dbc9cb01def573c28fd7e69f230", size = 19027120, upload-time = "2025-06-30T15:28:50.749Z" },
    { url = "https://files.pythonhosted.org/packages/82/71/2bbd304c12decac74b63bed8169b180a03a83f8008749f27004a0de8c100/dora_rs_cli-0.3.12-cp37-abi3-musllinux_1_2_armv7l.whl", hash = "sha256:887693f7f9174fa1f828b49ac9f3e46d8cef96ea7ac7829ee0a5de2a89ee1c27", size = 18437413, upload-time = "2025-06-30T15:28:54.1Z" },
    { url = "https://files.pythonhosted.org/packages/1a/36/a4138c75a5a46eb9b46023181a684a049429aa60acf9f6ad5dee8e84f2e6/dora_rs_cli-0.3.12-cp37-abi3-musllinux_1_2_i686.whl", hash = "sha256:b2192e6f93a1fbd76d95802dade3b36fd516d3cf27f90732f2437d39bdd4ba89", size = 19424195, upload-time = "2025-06-30T15:28:59.178Z" },
    { url = "https://files.pythonhosted.org/packages/69/72/2f4fc7e30200979ef4e7394f90439878794792a92763fc9f26d5c6eace0c/dora_rs_cli-0.3.12-cp37-abi3-musllinux_1_2_x86_64.whl", hash = "sha256:752fbc1bffb6e3214eb3d01afddb9133d7986db5a154373f7ece146679733187", size = 19084266, upload-time = "2025-06-30T15:29:02.641Z" },
    { url = "https://files.pythonhosted.org/packages/ce/af/466f958e6d0eb1fd02a92e3d9392d0dc6060717728fe6c4f6a97f6de6f50/dora_rs_cli-0.3.12-cp37-abi3-win_amd64.whl", hash = "sha256:8042d62323c032053c903020fd0907d0aed53ce64a0929afc8ef2a778eb4e84a", size = 13967604, upload-time = "2025-06-30T15:29:07.037Z" },
]

[[package]]
name = "dr-piper-view-rerun"
version = "0.1.0"
source = { editable = "." }
dependencies = [
    { name = "dora-rs-cli" },
    { name = "piper-sdk" },
]

[package.metadata]
requires-dist = [
    { name = "dora-rs-cli", specifier = ">=0.3.11,<0.4.0" },
    { name = "piper-sdk", specifier = ">=0.0.8" },
]

[[package]]
name = "packaging"
version = "25.0"
source = { registry = "https://pypi.org/simple" }
sdist = { url = "https://files.pythonhosted.org/packages/a1/d4/1fc4078c65507b51b96ca8f8c3ba19e6a61c8253c72794544580a7b6c24d/packaging-25.0.tar.gz", hash = "sha256:d443872c98d677bf60f6a1f2f8c1cb748e8fe762d2bf9d3148b5599295b0fc4f", size = 165727, upload-time = "2025-04-19T11:48:59.673Z" }
wheels = [
    { url = "https://files.pythonhosted.org/packages/20/12/38679034af332785aac8774540895e234f4d07f7545804097de4b666afd8/packaging-25.0-py3-none-any.whl", hash = "sha256:29572ef2b1f17581046b3a2227d5c611fb25ec70ca1ba8554b24b0e69331a484", size = 66469, upload-time = "2025-04-19T11:48:57.875Z" },
]

[[package]]
name = "piper-sdk"
version = "0.4.1"
source = { registry = "https://pypi.org/simple" }
dependencies = [
    { name = "python-can" },
]
sdist = { url = "https://files.pythonhosted.org/packages/36/64/1c2606eceb35fddaaf27fcabec02b5a33d98ee11e070f5f17ccbc90274e7/piper_sdk-0.4.1.tar.gz", hash = "sha256:a8a5693d557afc45a8e2ef1b907e45c43c14c498a221a473deb028d654edd7a2", size = 144946, upload-time = "2025-07-23T03:08:30.822Z" }
wheels = [
    { url = "https://files.pythonhosted.org/packages/33/1c/ba7ff89bc051bbb809be27038f1ba502efca717ce305c0a4e28accd78bf3/piper_sdk-0.4.1-py3-none-any.whl", hash = "sha256:2e6c17b3ba3df4a94d0f53b2a8724fb9977039fa58d42a99af6f681b2714a5af", size = 175935, upload-time = "2025-07-23T03:08:29.633Z" },
]

[[package]]
name = "pyarrow"
version = "21.0.0"
source = { registry = "https://pypi.org/simple" }
sdist = { url = "https://files.pythonhosted.org/packages/ef/c2/ea068b8f00905c06329a3dfcd40d0fcc2b7d0f2e355bdb25b65e0a0e4cd4/pyarrow-21.0.0.tar.gz", hash = "sha256:5051f2dccf0e283ff56335760cbc8622cf52264d67e359d5569541ac11b6d5bc", size = 1133487, upload-time = "2025-07-18T00:57:31.761Z" }
wheels = [
    { url = "https://files.pythonhosted.org/packages/17/d9/110de31880016e2afc52d8580b397dbe47615defbf09ca8cf55f56c62165/pyarrow-21.0.0-cp310-cp310-macosx_12_0_arm64.whl", hash = "sha256:e563271e2c5ff4d4a4cbeb2c83d5cf0d4938b891518e676025f7268c6fe5fe26", size = 31196837, upload-time = "2025-07-18T00:54:34.755Z" },
    { url = "https://files.pythonhosted.org/packages/df/5f/c1c1997613abf24fceb087e79432d24c19bc6f7259cab57c2c8e5e545fab/pyarrow-21.0.0-cp310-cp310-macosx_12_0_x86_64.whl", hash = "sha256:fee33b0ca46f4c85443d6c450357101e47d53e6c3f008d658c27a2d020d44c79", size = 32659470, upload-time = "2025-07-18T00:54:38.329Z" },
    { url = "https://files.pythonhosted.org/packages/3e/ed/b1589a777816ee33ba123ba1e4f8f02243a844fed0deec97bde9fb21a5cf/pyarrow-21.0.0-cp310-cp310-manylinux_2_28_aarch64.whl", hash = "sha256:7be45519b830f7c24b21d630a31d48bcebfd5d4d7f9d3bdb49da9cdf6d764edb", size = 41055619, upload-time = "2025-07-18T00:54:42.172Z" },
    { url = "https://files.pythonhosted.org/packages/44/28/b6672962639e85dc0ac36f71ab3a8f5f38e01b51343d7aa372a6b56fa3f3/pyarrow-21.0.0-cp310-cp310-manylinux_2_28_x86_64.whl", hash = "sha256:26bfd95f6bff443ceae63c65dc7e048670b7e98bc892210acba7e4995d3d4b51", size = 42733488, upload-time = "2025-07-18T00:54:47.132Z" },
    { url = "https://files.pythonhosted.org/packages/f8/cc/de02c3614874b9089c94eac093f90ca5dfa6d5afe45de3ba847fd950fdf1/pyarrow-21.0.0-cp310-cp310-musllinux_1_2_aarch64.whl", hash = "sha256:bd04ec08f7f8bd113c55868bd3fc442a9db67c27af098c5f814a3091e71cc61a", size = 43329159, upload-time = "2025-07-18T00:54:51.686Z" },
    { url = "https://files.pythonhosted.org/packages/a6/3e/99473332ac40278f196e105ce30b79ab8affab12f6194802f2593d6b0be2/pyarrow-21.0.0-cp310-cp310-musllinux_1_2_x86_64.whl", hash = "sha256:9b0b14b49ac10654332a805aedfc0147fb3469cbf8ea951b3d040dab12372594", size = 45050567, upload-time = "2025-07-18T00:54:56.679Z" },
    { url = "https://files.pythonhosted.org/packages/7b/f5/c372ef60593d713e8bfbb7e0c743501605f0ad00719146dc075faf11172b/pyarrow-21.0.0-cp310-cp310-win_amd64.whl", hash = "sha256:9d9f8bcb4c3be7738add259738abdeddc363de1b80e3310e04067aa1ca596634", size = 26217959, upload-time = "2025-07-18T00:55:00.482Z" },
    { url = "https://files.pythonhosted.org/packages/94/dc/80564a3071a57c20b7c32575e4a0120e8a330ef487c319b122942d665960/pyarrow-21.0.0-cp311-cp311-macosx_12_0_arm64.whl", hash = "sha256:c077f48aab61738c237802836fc3844f85409a46015635198761b0d6a688f87b", size = 31243234, upload-time = "2025-07-18T00:55:03.812Z" },
    { url = "https://files.pythonhosted.org/packages/ea/cc/3b51cb2db26fe535d14f74cab4c79b191ed9a8cd4cbba45e2379b5ca2746/pyarrow-21.0.0-cp311-cp311-macosx_12_0_x86_64.whl", hash = "sha256:689f448066781856237eca8d1975b98cace19b8dd2ab6145bf49475478bcaa10", size = 32714370, upload-time = "2025-07-18T00:55:07.495Z" },
    { url = "https://files.pythonhosted.org/packages/24/11/a4431f36d5ad7d83b87146f515c063e4d07ef0b7240876ddb885e6b44f2e/pyarrow-21.0.0-cp311-cp311-manylinux_2_28_aarch64.whl", hash = "sha256:479ee41399fcddc46159a551705b89c05f11e8b8cb8e968f7fec64f62d91985e", size = 41135424, upload-time = "2025-07-18T00:55:11.461Z" },
    { url = "https://files.pythonhosted.org/packages/74/dc/035d54638fc5d2971cbf1e987ccd45f1091c83bcf747281cf6cc25e72c88/pyarrow-21.0.0-cp311-cp311-manylinux_2_28_x86_64.whl", hash = "sha256:40ebfcb54a4f11bcde86bc586cbd0272bac0d516cfa539c799c2453768477569", size = 42823810, upload-time = "2025-07-18T00:55:16.301Z" },
    { url = "https://files.pythonhosted.org/packages/2e/3b/89fced102448a9e3e0d4dded1f37fa3ce4700f02cdb8665457fcc8015f5b/pyarrow-21.0.0-cp311-cp311-musllinux_1_2_aarch64.whl", hash = "sha256:8d58d8497814274d3d20214fbb24abcad2f7e351474357d552a8d53bce70c70e", size = 43391538, upload-time = "2025-07-18T00:55:23.82Z" },
    { url = "https://files.pythonhosted.org/packages/fb/bb/ea7f1bd08978d39debd3b23611c293f64a642557e8141c80635d501e6d53/pyarrow-21.0.0-cp311-cp311-musllinux_1_2_x86_64.whl", hash = "sha256:585e7224f21124dd57836b1530ac8f2df2afc43c861d7bf3d58a4870c42ae36c", size = 45120056, upload-time = "2025-07-18T00:55:28.231Z" },
    { url = "https://files.pythonhosted.org/packages/6e/0b/77ea0600009842b30ceebc3337639a7380cd946061b620ac1a2f3cb541e2/pyarrow-21.0.0-cp311-cp311-win_amd64.whl", hash = "sha256:555ca6935b2cbca2c0e932bedd853e9bc523098c39636de9ad4693b5b1df86d6", size = 26220568, upload-time = "2025-07-18T00:55:32.122Z" },
    { url = "https://files.pythonhosted.org/packages/ca/d4/d4f817b21aacc30195cf6a46ba041dd1be827efa4a623cc8bf39a1c2a0c0/pyarrow-21.0.0-cp312-cp312-macosx_12_0_arm64.whl", hash = "sha256:3a302f0e0963db37e0a24a70c56cf91a4faa0bca51c23812279ca2e23481fccd", size = 31160305, upload-time = "2025-07-18T00:55:35.373Z" },
    { url = "https://files.pythonhosted.org/packages/a2/9c/dcd38ce6e4b4d9a19e1d36914cb8e2b1da4e6003dd075474c4cfcdfe0601/pyarrow-21.0.0-cp312-cp312-macosx_12_0_x86_64.whl", hash = "sha256:b6b27cf01e243871390474a211a7922bfbe3bda21e39bc9160daf0da3fe48876", size = 32684264, upload-time = "2025-07-18T00:55:39.303Z" },
    { url = "https://files.pythonhosted.org/packages/4f/74/2a2d9f8d7a59b639523454bec12dba35ae3d0a07d8ab529dc0809f74b23c/pyarrow-21.0.0-cp312-cp312-manylinux_2_28_aarch64.whl", hash = "sha256:e72a8ec6b868e258a2cd2672d91f2860ad532d590ce94cdf7d5e7ec674ccf03d", size = 41108099, upload-time = "2025-07-18T00:55:42.889Z" },
    { url = "https://files.pythonhosted.org/packages/ad/90/2660332eeb31303c13b653ea566a9918484b6e4d6b9d2d46879a33ab0622/pyarrow-21.0.0-cp312-cp312-manylinux_2_28_x86_64.whl", hash = "sha256:b7ae0bbdc8c6674259b25bef5d2a1d6af5d39d7200c819cf99e07f7dfef1c51e", size = 42829529, upload-time = "2025-07-18T00:55:47.069Z" },
    { url = "https://files.pythonhosted.org/packages/33/27/1a93a25c92717f6aa0fca06eb4700860577d016cd3ae51aad0e0488ac899/pyarrow-21.0.0-cp312-cp312-musllinux_1_2_aarch64.whl", hash = "sha256:58c30a1729f82d201627c173d91bd431db88ea74dcaa3885855bc6203e433b82", size = 43367883, upload-time = "2025-07-18T00:55:53.069Z" },
    { url = "https://files.pythonhosted.org/packages/05/d9/4d09d919f35d599bc05c6950095e358c3e15148ead26292dfca1fb659b0c/pyarrow-21.0.0-cp312-cp312-musllinux_1_2_x86_64.whl", hash = "sha256:072116f65604b822a7f22945a7a6e581cfa28e3454fdcc6939d4ff6090126623", size = 45133802, upload-time = "2025-07-18T00:55:57.714Z" },
    { url = "https://files.pythonhosted.org/packages/71/30/f3795b6e192c3ab881325ffe172e526499eb3780e306a15103a2764916a2/pyarrow-21.0.0-cp312-cp312-win_amd64.whl", hash = "sha256:cf56ec8b0a5c8c9d7021d6fd754e688104f9ebebf1bf4449613c9531f5346a18", size = 26203175, upload-time = "2025-07-18T00:56:01.364Z" },
    { url = "https://files.pythonhosted.org/packages/16/ca/c7eaa8e62db8fb37ce942b1ea0c6d7abfe3786ca193957afa25e71b81b66/pyarrow-21.0.0-cp313-cp313-macosx_12_0_arm64.whl", hash = "sha256:e99310a4ebd4479bcd1964dff9e14af33746300cb014aa4a3781738ac63baf4a", size = 31154306, upload-time = "2025-07-18T00:56:04.42Z" },
    { url = "https://files.pythonhosted.org/packages/ce/e8/e87d9e3b2489302b3a1aea709aaca4b781c5252fcb812a17ab6275a9a484/pyarrow-21.0.0-cp313-cp313-macosx_12_0_x86_64.whl", hash = "sha256:d2fe8e7f3ce329a71b7ddd7498b3cfac0eeb200c2789bd840234f0dc271a8efe", size = 32680622, upload-time = "2025-07-18T00:56:07.505Z" },
    { url = "https://files.pythonhosted.org/packages/84/52/79095d73a742aa0aba370c7942b1b655f598069489ab387fe47261a849e1/pyarrow-21.0.0-cp313-cp313-manylinux_2_28_aarch64.whl", hash = "sha256:f522e5709379d72fb3da7785aa489ff0bb87448a9dc5a75f45763a795a089ebd", size = 41104094, upload-time = "2025-07-18T00:56:10.994Z" },
    { url = "https://files.pythonhosted.org/packages/89/4b/7782438b551dbb0468892a276b8c789b8bbdb25ea5c5eb27faadd753e037/pyarrow-21.0.0-cp313-cp313-manylinux_2_28_x86_64.whl", hash = "sha256:69cbbdf0631396e9925e048cfa5bce4e8c3d3b41562bbd70c685a8eb53a91e61", size = 42825576, upload-time = "2025-07-18T00:56:15.569Z" },
    { url = "https://files.pythonhosted.org/packages/b3/62/0f29de6e0a1e33518dec92c65be0351d32d7ca351e51ec5f4f837a9aab91/pyarrow-21.0.0-cp313-cp313-musllinux_1_2_aarch64.whl", hash = "sha256:731c7022587006b755d0bdb27626a1a3bb004bb56b11fb30d98b6c1b4718579d", size = 43368342, upload-time = "2025-07-18T00:56:19.531Z" },
    { url = "https://files.pythonhosted.org/packages/90/c7/0fa1f3f29cf75f339768cc698c8ad4ddd2481c1742e9741459911c9ac477/pyarrow-21.0.0-cp313-cp313-musllinux_1_2_x86_64.whl", hash = "sha256:dc56bc708f2d8ac71bd1dcb927e458c93cec10b98eb4120206a4091db7b67b99", size = 45131218, upload-time = "2025-07-18T00:56:23.347Z" },
    { url = "https://files.pythonhosted.org/packages/01/63/581f2076465e67b23bc5a37d4a2abff8362d389d29d8105832e82c9c811c/pyarrow-21.0.0-cp313-cp313-win_amd64.whl", hash = "sha256:186aa00bca62139f75b7de8420f745f2af12941595bbbfa7ed3870ff63e25636", size = 26087551, upload-time = "2025-07-18T00:56:26.758Z" },
    { url = "https://files.pythonhosted.org/packages/c9/ab/357d0d9648bb8241ee7348e564f2479d206ebe6e1c47ac5027c2e31ecd39/pyarrow-21.0.0-cp313-cp313t-macosx_12_0_arm64.whl", hash = "sha256:a7a102574faa3f421141a64c10216e078df467ab9576684d5cd696952546e2da", size = 31290064, upload-time = "2025-07-18T00:56:30.214Z" },
    { url = "https://files.pythonhosted.org/packages/3f/8a/5685d62a990e4cac2043fc76b4661bf38d06efed55cf45a334b455bd2759/pyarrow-21.0.0-cp313-cp313t-macosx_12_0_x86_64.whl", hash = "sha256:1e005378c4a2c6db3ada3ad4c217b381f6c886f0a80d6a316fe586b90f77efd7", size = 32727837, upload-time = "2025-07-18T00:56:33.935Z" },
    { url = "https://files.pythonhosted.org/packages/fc/de/c0828ee09525c2bafefd3e736a248ebe764d07d0fd762d4f0929dbc516c9/pyarrow-21.0.0-cp313-cp313t-manylinux_2_28_aarch64.whl", hash = "sha256:65f8e85f79031449ec8706b74504a316805217b35b6099155dd7e227eef0d4b6", size = 41014158, upload-time = "2025-07-18T00:56:37.528Z" },
    { url = "https://files.pythonhosted.org/packages/6e/26/a2865c420c50b7a3748320b614f3484bfcde8347b2639b2b903b21ce6a72/pyarrow-21.0.0-cp313-cp313t-manylinux_2_28_x86_64.whl", hash = "sha256:3a81486adc665c7eb1a2bde0224cfca6ceaba344a82a971ef059678417880eb8", size = 42667885, upload-time = "2025-07-18T00:56:41.483Z" },
    { url = "https://files.pythonhosted.org/packages/0a/f9/4ee798dc902533159250fb4321267730bc0a107d8c6889e07c3add4fe3a5/pyarrow-21.0.0-cp313-cp313t-musllinux_1_2_aarch64.whl", hash = "sha256:fc0d2f88b81dcf3ccf9a6ae17f89183762c8a94a5bdcfa09e05cfe413acf0503", size = 43276625, upload-time = "2025-07-18T00:56:48.002Z" },
    { url = "https://files.pythonhosted.org/packages/5a/da/e02544d6997037a4b0d22d8e5f66bc9315c3671371a8b18c79ade1cefe14/pyarrow-21.0.0-cp313-cp313t-musllinux_1_2_x86_64.whl", hash = "sha256:6299449adf89df38537837487a4f8d3bd91ec94354fdd2a7d30bc11c48ef6e79", size = 44951890, upload-time = "2025-07-18T00:56:52.568Z" },
    { url = "https://files.pythonhosted.org/packages/e5/4e/519c1bc1876625fe6b71e9a28287c43ec2f20f73c658b9ae1d485c0c206e/pyarrow-21.0.0-cp313-cp313t-win_amd64.whl", hash = "sha256:222c39e2c70113543982c6b34f3077962b44fca38c0bd9e68bb6781534425c10", size = 26371006, upload-time = "2025-07-18T00:56:56.379Z" },
    { url = "https://files.pythonhosted.org/packages/3e/cc/ce4939f4b316457a083dc5718b3982801e8c33f921b3c98e7a93b7c7491f/pyarrow-21.0.0-cp39-cp39-macosx_12_0_arm64.whl", hash = "sha256:a7f6524e3747e35f80744537c78e7302cd41deee8baa668d56d55f77d9c464b3", size = 31211248, upload-time = "2025-07-18T00:56:59.7Z" },
    { url = "https://files.pythonhosted.org/packages/1f/c2/7a860931420d73985e2f340f06516b21740c15b28d24a0e99a900bb27d2b/pyarrow-21.0.0-cp39-cp39-macosx_12_0_x86_64.whl", hash = "sha256:203003786c9fd253ebcafa44b03c06983c9c8d06c3145e37f1b76a1f317aeae1", size = 32676896, upload-time = "2025-07-18T00:57:03.884Z" },
    { url = "https://files.pythonhosted.org/packages/68/a8/197f989b9a75e59b4ca0db6a13c56f19a0ad8a298c68da9cc28145e0bb97/pyarrow-21.0.0-cp39-cp39-manylinux_2_28_aarch64.whl", hash = "sha256:3b4d97e297741796fead24867a8dabf86c87e4584ccc03167e4a811f50fdf74d", size = 41067862, upload-time = "2025-07-18T00:57:07.587Z" },
    { url = "https://files.pythonhosted.org/packages/fa/82/6ecfa89487b35aa21accb014b64e0a6b814cc860d5e3170287bf5135c7d8/pyarrow-21.0.0-cp39-cp39-manylinux_2_28_x86_64.whl", hash = "sha256:898afce396b80fdda05e3086b4256f8677c671f7b1d27a6976fa011d3fd0a86e", size = 42747508, upload-time = "2025-07-18T00:57:13.917Z" },
    { url = "https://files.pythonhosted.org/packages/3b/b7/ba252f399bbf3addc731e8643c05532cf32e74cebb5e32f8f7409bc243cf/pyarrow-21.0.0-cp39-cp39-musllinux_1_2_aarch64.whl", hash = "sha256:067c66ca29aaedae08218569a114e413b26e742171f526e828e1064fcdec13f4", size = 43345293, upload-time = "2025-07-18T00:57:19.828Z" },
    { url = "https://files.pythonhosted.org/packages/ff/0a/a20819795bd702b9486f536a8eeb70a6aa64046fce32071c19ec8230dbaa/pyarrow-21.0.0-cp39-cp39-musllinux_1_2_x86_64.whl", hash = "sha256:0c4e75d13eb76295a49e0ea056eb18dbd87d81450bfeb8afa19a7e5a75ae2ad7", size = 45060670, upload-time = "2025-07-18T00:57:24.477Z" },
    { url = "https://files.pythonhosted.org/packages/10/15/6b30e77872012bbfe8265d42a01d5b3c17ef0ac0f2fae531ad91b6a6c02e/pyarrow-21.0.0-cp39-cp39-win_amd64.whl", hash = "sha256:cdc4c17afda4dab2a9c0b79148a43a7f4e1094916b3e18d8975bfd6d6d52241f", size = 26227521, upload-time = "2025-07-18T00:57:29.119Z" },
]

[[package]]
name = "python-can"
version = "4.6.1"
source = { registry = "https://pypi.org/simple" }
dependencies = [
    { name = "packaging" },
    { name = "typing-extensions" },
    { name = "wrapt" },
]
sdist = { url = "https://files.pythonhosted.org/packages/74/f9/a9d99d36dd33be5badb747801c9255c3c526171a5542092eaacc73350fb8/python_can-4.6.1.tar.gz", hash = "sha256:290fea135d04b8504ebff33889cc6d301e2181a54099116609f940825ffe5005", size = 1206049, upload-time = "2025-08-12T07:44:58.314Z" }
wheels = [
    { url = "https://files.pythonhosted.org/packages/58/34/e4ac153acdbcfba7f48bc73d6586a74c91cc919fcc2e29acbf81be329d1f/python_can-4.6.1-py3-none-any.whl", hash = "sha256:17f95255868a95108dcfcb90565a684dad32d5a3ebb35afd14f739e18c84ff6c", size = 276996, upload-time = "2025-08-12T07:44:56.55Z" },
]

[[package]]
name = "typing-extensions"
version = "4.14.1"
source = { registry = "https://pypi.org/simple" }
sdist = { url = "https://files.pythonhosted.org/packages/98/5a/da40306b885cc8c09109dc2e1abd358d5684b1425678151cdaed4731c822/typing_extensions-4.14.1.tar.gz", hash = "sha256:38b39f4aeeab64884ce9f74c94263ef78f3c22467c8724005483154c26648d36", size = 107673, upload-time = "2025-07-04T13:28:34.16Z" }
wheels = [
    { url = "https://files.pythonhosted.org/packages/b5/00/d631e67a838026495268c2f6884f3711a15a9a2a96cd244fdaea53b823fb/typing_extensions-4.14.1-py3-none-any.whl", hash = "sha256:d1e1e3b58374dc93031d6eda2420a48ea44a36c2b4766a4fdeb3710755731d76", size = 43906, upload-time = "2025-07-04T13:28:32.743Z" },
]

[[package]]
name = "uv"
version = "0.8.13"
source = { registry = "https://pypi.org/simple" }
sdist = { url = "https://files.pythonhosted.org/packages/ca/f3/4f947303fb68daa553fc44ea5f2bcdfb1d11c4390ab52b6e3829f72b6b69/uv-0.8.13.tar.gz", hash = "sha256:a4438eca3d301183c52994a6d2baff70fd1840421a83446f3cabb1d0d0b50aff", size = 3529020, upload-time = "2025-08-21T19:20:17.329Z" }
wheels = [
    { url = "https://files.pythonhosted.org/packages/4a/1d/98c7985f05c1dfa4a1d9bfebfdc75fd5c86633acb3bd9a65a5233a267d0e/uv-0.8.13-py3-none-linux_armv6l.whl", hash = "sha256:3b5c6e44238007ec1d25212cafe1b37a8506d425d1dd74a267cb9072a61930f9", size = 18712142, upload-time = "2025-08-21T19:19:30.882Z" },
    { url = "https://files.pythonhosted.org/packages/32/a2/2fc23b2fb14316fafafcd918dd4bf3456aecfeae95d71deaf9d7d59e9720/uv-0.8.13-py3-none-macosx_10_12_x86_64.whl", hash = "sha256:2945c32b8fcf23807ef1f74c390795e2b00371c53b94c015cc6e7b0cfbab9d94", size = 18752276, upload-time = "2025-08-21T19:19:34.658Z" },
    { url = "https://files.pythonhosted.org/packages/95/e4/c8d4963271e3a9ea0886be1082c96b16881d58d6d260957e76bd41f4c991/uv-0.8.13-py3-none-macosx_11_0_arm64.whl", hash = "sha256:73459fe1403b1089853071db6770450dc03e4058848f7146d88cff5f1c352743", size = 17403078, upload-time = "2025-08-21T19:19:36.882Z" },
    { url = "https://files.pythonhosted.org/packages/9b/25/3985330034df1f99b63b947f5de37059859aede74883fc14e4500a983daf/uv-0.8.13-py3-none-manylinux_2_17_aarch64.manylinux2014_aarch64.musllinux_1_1_aarch64.whl", hash = "sha256:854c4e75024a4894477bf61684b2872b83c77ca87d1bad62692bcc31200619c3", size = 18075030, upload-time = "2025-08-21T19:19:41.992Z" },
    { url = "https://files.pythonhosted.org/packages/68/f2/5956b44e8b77e777b1c15c011e43a7bb29c4346908f569c474db67baab02/uv-0.8.13-py3-none-manylinux_2_17_armv7l.manylinux2014_armv7l.whl", hash = "sha256:28c8d4560c673ff5c798f2f4422281840728f46ebf1946345b65d065f8344c03", size = 18334387, upload-time = "2025-08-21T19:19:44.543Z" },
    { url = "https://files.pythonhosted.org/packages/18/96/5feda4185ea21e7dc79f73ba1f9ebbd2ac5da22ed5c40d7c6f6a310d4738/uv-0.8.13-py3-none-manylinux_2_17_i686.manylinux2014_i686.whl", hash = "sha256:f6c508aa9c5210577008e1919b532e38356fe68712179399f00462b3e78fd845", size = 19097001, upload-time = "2025-08-21T19:19:47.363Z" },
    { url = "https://files.pythonhosted.org/packages/02/f8/1b6e258907afdb008855418f7a0aa41568f8b7389994f62b7992352a5146/uv-0.8.13-py3-none-manylinux_2_17_ppc64.manylinux2014_ppc64.whl", hash = "sha256:3bac51ea503d97f371222f23e845fc4ab95465ac3e958c7589d6743c75445b71", size = 20501591, upload-time = "2025-08-21T19:19:49.976Z" },
    { url = "https://files.pythonhosted.org/packages/39/17/8a9f979bb6329b74320514797bfaf0a2865e25c2edf7506fde5080ad071c/uv-0.8.13-py3-none-manylinux_2_17_ppc64le.manylinux2014_ppc64le.whl", hash = "sha256:4a6d37547947fcae57244b4d1f3b62fba55f4a85d3e45e7284a93b6cd5bedca4", size = 20156528, upload-time = "2025-08-21T19:19:52.096Z" },
    { url = "https://files.pythonhosted.org/packages/5f/ca/bc42b2ae9dd0eae8b5bba34020bc3893cf7370c4125164075643a1da86c8/uv-0.8.13-py3-none-manylinux_2_17_s390x.manylinux2014_s390x.whl", hash = "sha256:3735a452cdc3168932d128891d7e8866b4a2d052283c6da5ccfe0b038d1cf8bd", size = 19491271, upload-time = "2025-08-21T19:19:54.302Z" },
    { url = "https://files.pythonhosted.org/packages/82/6b/81387a715dd045f7edea452fb76a5896dcfc11b8ecf0db5106f4b0f633ec/uv-0.8.13-py3-none-manylinux_2_17_x86_64.manylinux2014_x86_64.whl", hash = "sha256:2113cd877974b68ea2af64a2f2cc23708ba97066046e78efb72ba94e5fef617a", size = 19452076, upload-time = "2025-08-21T19:19:56.608Z" },
    { url = "https://files.pythonhosted.org/packages/59/2e/eae2eff5876576b6e1d43010924446da22f4fe33140124a4f2ae936c457d/uv-0.8.13-py3-none-manylinux_2_28_aarch64.whl", hash = "sha256:4c2c5e5962239ecaff6444d5bc22422a9bd2da25a80adc6ab14cb42e4461b1cf", size = 18329700, upload-time = "2025-08-21T19:19:58.784Z" },
    { url = "https://files.pythonhosted.org/packages/5e/6e/9a88c83a1d8845c04b911433bbe61989b9d40b4feb7a51ab1ca595107bf5/uv-0.8.13-py3-none-manylinux_2_31_riscv64.whl", hash = "sha256:eb90089624d92d57b8582f708973db8988e09dba6bae83991dba20731d82eb6a", size = 19218874, upload-time = "2025-08-21T19:20:01.054Z" },
    { url = "https://files.pythonhosted.org/packages/df/f5/8f818016a1704a185dd0087cacbe0797b0ca2ef859922814e26322427756/uv-0.8.13-py3-none-musllinux_1_1_armv7l.whl", hash = "sha256:cf3ce98404ddc1e11cd2c2604668f8f81219cf00bb1227b792fdf5dbb4faf31a", size = 18310085, upload-time = "2025-08-21T19:20:03.219Z" },
    { url = "https://files.pythonhosted.org/packages/64/d2/b0d16ec65efb8b5877256e14da808a0db20c4bf3e9960d807e4c0db5f71c/uv-0.8.13-py3-none-musllinux_1_1_i686.whl", hash = "sha256:8a3739540f8b0b5258869b1671185d55daacfa4609eaffd235573ac938ec01a6", size = 18604881, upload-time = "2025-08-21T19:20:05.413Z" },
    { url = "https://files.pythonhosted.org/packages/3f/ba/f96a34b2aec7c38d0512b10fea182eaf0d416e2825cf4ac00fde1e375019/uv-0.8.13-py3-none-musllinux_1_1_x86_64.whl", hash = "sha256:18a502328545af511039c7b7c602a0aa89eeff23b1221a1f56d99b3a3fecfddd", size = 19569585, upload-time = "2025-08-21T19:20:08.008Z" },
    { url = "https://files.pythonhosted.org/packages/6d/7d/a57198784a1dca07668007837cfd00346cde2da079697f67daaedbfb1376/uv-0.8.13-py3-none-win32.whl", hash = "sha256:d22fa55580b224779279b98e0b23cbc45e51837e1fac616d7c5d03aff668a998", size = 18661160, upload-time = "2025-08-21T19:20:10.393Z" },
    { url = "https://files.pythonhosted.org/packages/3f/14/65ba1f45c27ff975497f2db965cd2b989fdda031afa76b978ddc72a66032/uv-0.8.13-py3-none-win_amd64.whl", hash = "sha256:20862f612de38f6dea55d40467a29f3cb621b256a4b5891ae55debbbdf1db2b4", size = 20556536, upload-time = "2025-08-21T19:20:12.745Z" },
    { url = "https://files.pythonhosted.org/packages/c9/47/16a2eb25166861af1a139e506e5595cb92c7f7e5aae6e71feec135093394/uv-0.8.13-py3-none-win_arm64.whl", hash = "sha256:404ca19b2d860ab661e1d78633f594e994f8422af8772ad237d763fe353da2ab", size = 19028395, upload-time = "2025-08-21T19:20:15.035Z" },
]

[[package]]
name = "wrapt"
version = "1.17.3"
source = { registry = "https://pypi.org/simple" }
sdist = { url = "https://files.pythonhosted.org/packages/95/8f/aeb76c5b46e273670962298c23e7ddde79916cb74db802131d49a85e4b7d/wrapt-1.17.3.tar.gz", hash = "sha256:f66eb08feaa410fe4eebd17f2a2c8e2e46d3476e9f8c783daa8e09e0faa666d0", size = 55547, upload-time = "2025-08-12T05:53:21.714Z" }
wheels = [
    { url = "https://files.pythonhosted.org/packages/3f/23/bb82321b86411eb51e5a5db3fb8f8032fd30bd7c2d74bfe936136b2fa1d6/wrapt-1.17.3-cp310-cp310-macosx_10_9_universal2.whl", hash = "sha256:88bbae4d40d5a46142e70d58bf664a89b6b4befaea7b2ecc14e03cedb8e06c04", size = 53482, upload-time = "2025-08-12T05:51:44.467Z" },
    { url = "https://files.pythonhosted.org/packages/45/69/f3c47642b79485a30a59c63f6d739ed779fb4cc8323205d047d741d55220/wrapt-1.17.3-cp310-cp310-macosx_10_9_x86_64.whl", hash = "sha256:e6b13af258d6a9ad602d57d889f83b9d5543acd471eee12eb51f5b01f8eb1bc2", size = 38676, upload-time = "2025-08-12T05:51:32.636Z" },
    { url = "https://files.pythonhosted.org/packages/d1/71/e7e7f5670c1eafd9e990438e69d8fb46fa91a50785332e06b560c869454f/wrapt-1.17.3-cp310-cp310-macosx_11_0_arm64.whl", hash = "sha256:fd341868a4b6714a5962c1af0bd44f7c404ef78720c7de4892901e540417111c", size = 38957, upload-time = "2025-08-12T05:51:54.655Z" },
    { url = "https://files.pythonhosted.org/packages/de/17/9f8f86755c191d6779d7ddead1a53c7a8aa18bccb7cea8e7e72dfa6a8a09/wrapt-1.17.3-cp310-cp310-manylinux1_x86_64.manylinux_2_28_x86_64.manylinux_2_5_x86_64.whl", hash = "sha256:f9b2601381be482f70e5d1051a5965c25fb3625455a2bf520b5a077b22afb775", size = 81975, upload-time = "2025-08-12T05:52:30.109Z" },
    { url = "https://files.pythonhosted.org/packages/f2/15/dd576273491f9f43dd09fce517f6c2ce6eb4fe21681726068db0d0467096/wrapt-1.17.3-cp310-cp310-manylinux2014_aarch64.manylinux_2_17_aarch64.manylinux_2_28_aarch64.whl", hash = "sha256:343e44b2a8e60e06a7e0d29c1671a0d9951f59174f3709962b5143f60a2a98bd", size = 83149, upload-time = "2025-08-12T05:52:09.316Z" },
    { url = "https://files.pythonhosted.org/packages/0c/c4/5eb4ce0d4814521fee7aa806264bf7a114e748ad05110441cd5b8a5c744b/wrapt-1.17.3-cp310-cp310-musllinux_1_2_aarch64.whl", hash = "sha256:33486899acd2d7d3066156b03465b949da3fd41a5da6e394ec49d271baefcf05", size = 82209, upload-time = "2025-08-12T05:52:10.331Z" },
    { url = "https://files.pythonhosted.org/packages/31/4b/819e9e0eb5c8dc86f60dfc42aa4e2c0d6c3db8732bce93cc752e604bb5f5/wrapt-1.17.3-cp310-cp310-musllinux_1_2_x86_64.whl", hash = "sha256:e6f40a8aa5a92f150bdb3e1c44b7e98fb7113955b2e5394122fa5532fec4b418", size = 81551, upload-time = "2025-08-12T05:52:31.137Z" },
    { url = "https://files.pythonhosted.org/packages/f8/83/ed6baf89ba3a56694700139698cf703aac9f0f9eb03dab92f57551bd5385/wrapt-1.17.3-cp310-cp310-win32.whl", hash = "sha256:a36692b8491d30a8c75f1dfee65bef119d6f39ea84ee04d9f9311f83c5ad9390", size = 36464, upload-time = "2025-08-12T05:53:01.204Z" },
    { url = "https://files.pythonhosted.org/packages/2f/90/ee61d36862340ad7e9d15a02529df6b948676b9a5829fd5e16640156627d/wrapt-1.17.3-cp310-cp310-win_amd64.whl", hash = "sha256:afd964fd43b10c12213574db492cb8f73b2f0826c8df07a68288f8f19af2ebe6", size = 38748, upload-time = "2025-08-12T05:53:00.209Z" },
    { url = "https://files.pythonhosted.org/packages/bd/c3/cefe0bd330d389c9983ced15d326f45373f4073c9f4a8c2f99b50bfea329/wrapt-1.17.3-cp310-cp310-win_arm64.whl", hash = "sha256:af338aa93554be859173c39c85243970dc6a289fa907402289eeae7543e1ae18", size = 36810, upload-time = "2025-08-12T05:52:51.906Z" },
    { url = "https://files.pythonhosted.org/packages/52/db/00e2a219213856074a213503fdac0511203dceefff26e1daa15250cc01a0/wrapt-1.17.3-cp311-cp311-macosx_10_9_universal2.whl", hash = "sha256:273a736c4645e63ac582c60a56b0acb529ef07f78e08dc6bfadf6a46b19c0da7", size = 53482, upload-time = "2025-08-12T05:51:45.79Z" },
    { url = "https://files.pythonhosted.org/packages/5e/30/ca3c4a5eba478408572096fe9ce36e6e915994dd26a4e9e98b4f729c06d9/wrapt-1.17.3-cp311-cp311-macosx_10_9_x86_64.whl", hash = "sha256:5531d911795e3f935a9c23eb1c8c03c211661a5060aab167065896bbf62a5f85", size = 38674, upload-time = "2025-08-12T05:51:34.629Z" },
    { url = "https://files.pythonhosted.org/packages/31/25/3e8cc2c46b5329c5957cec959cb76a10718e1a513309c31399a4dad07eb3/wrapt-1.17.3-cp311-cp311-macosx_11_0_arm64.whl", hash = "sha256:0610b46293c59a3adbae3dee552b648b984176f8562ee0dba099a56cfbe4df1f", size = 38959, upload-time = "2025-08-12T05:51:56.074Z" },
    { url = "https://files.pythonhosted.org/packages/5d/8f/a32a99fc03e4b37e31b57cb9cefc65050ea08147a8ce12f288616b05ef54/wrapt-1.17.3-cp311-cp311-manylinux1_x86_64.manylinux_2_28_x86_64.manylinux_2_5_x86_64.whl", hash = "sha256:b32888aad8b6e68f83a8fdccbf3165f5469702a7544472bdf41f582970ed3311", size = 82376, upload-time = "2025-08-12T05:52:32.134Z" },
    { url = "https://files.pythonhosted.org/packages/31/57/4930cb8d9d70d59c27ee1332a318c20291749b4fba31f113c2f8ac49a72e/wrapt-1.17.3-cp311-cp311-manylinux2014_aarch64.manylinux_2_17_aarch64.manylinux_2_28_aarch64.whl", hash = "sha256:8cccf4f81371f257440c88faed6b74f1053eef90807b77e31ca057b2db74edb1", size = 83604, upload-time = "2025-08-12T05:52:11.663Z" },
    { url = "https://files.pythonhosted.org/packages/a8/f3/1afd48de81d63dd66e01b263a6fbb86e1b5053b419b9b33d13e1f6d0f7d0/wrapt-1.17.3-cp311-cp311-musllinux_1_2_aarch64.whl", hash = "sha256:d8a210b158a34164de8bb68b0e7780041a903d7b00c87e906fb69928bf7890d5", size = 82782, upload-time = "2025-08-12T05:52:12.626Z" },
    { url = "https://files.pythonhosted.org/packages/1e/d7/4ad5327612173b144998232f98a85bb24b60c352afb73bc48e3e0d2bdc4e/wrapt-1.17.3-cp311-cp311-musllinux_1_2_x86_64.whl", hash = "sha256:79573c24a46ce11aab457b472efd8d125e5a51da2d1d24387666cd85f54c05b2", size = 82076, upload-time = "2025-08-12T05:52:33.168Z" },
    { url = "https://files.pythonhosted.org/packages/bb/59/e0adfc831674a65694f18ea6dc821f9fcb9ec82c2ce7e3d73a88ba2e8718/wrapt-1.17.3-cp311-cp311-win32.whl", hash = "sha256:c31eebe420a9a5d2887b13000b043ff6ca27c452a9a22fa71f35f118e8d4bf89", size = 36457, upload-time = "2025-08-12T05:53:03.936Z" },
    { url = "https://files.pythonhosted.org/packages/83/88/16b7231ba49861b6f75fc309b11012ede4d6b0a9c90969d9e0db8d991aeb/wrapt-1.17.3-cp311-cp311-win_amd64.whl", hash = "sha256:0b1831115c97f0663cb77aa27d381237e73ad4f721391a9bfb2fe8bc25fa6e77", size = 38745, upload-time = "2025-08-12T05:53:02.885Z" },
    { url = "https://files.pythonhosted.org/packages/9a/1e/c4d4f3398ec073012c51d1c8d87f715f56765444e1a4b11e5180577b7e6e/wrapt-1.17.3-cp311-cp311-win_arm64.whl", hash = "sha256:5a7b3c1ee8265eb4c8f1b7d29943f195c00673f5ab60c192eba2d4a7eae5f46a", size = 36806, upload-time = "2025-08-12T05:52:53.368Z" },
    { url = "https://files.pythonhosted.org/packages/9f/41/cad1aba93e752f1f9268c77270da3c469883d56e2798e7df6240dcb2287b/wrapt-1.17.3-cp312-cp312-macosx_10_13_universal2.whl", hash = "sha256:ab232e7fdb44cdfbf55fc3afa31bcdb0d8980b9b95c38b6405df2acb672af0e0", size = 53998, upload-time = "2025-08-12T05:51:47.138Z" },
    { url = "https://files.pythonhosted.org/packages/60/f8/096a7cc13097a1869fe44efe68dace40d2a16ecb853141394047f0780b96/wrapt-1.17.3-cp312-cp312-macosx_10_13_x86_64.whl", hash = "sha256:9baa544e6acc91130e926e8c802a17f3b16fbea0fd441b5a60f5cf2cc5c3deba", size = 39020, upload-time = "2025-08-12T05:51:35.906Z" },
    { url = "https://files.pythonhosted.org/packages/33/df/bdf864b8997aab4febb96a9ae5c124f700a5abd9b5e13d2a3214ec4be705/wrapt-1.17.3-cp312-cp312-macosx_11_0_arm64.whl", hash = "sha256:6b538e31eca1a7ea4605e44f81a48aa24c4632a277431a6ed3f328835901f4fd", size = 39098, upload-time = "2025-08-12T05:51:57.474Z" },
    { url = "https://files.pythonhosted.org/packages/9f/81/5d931d78d0eb732b95dc3ddaeeb71c8bb572fb01356e9133916cd729ecdd/wrapt-1.17.3-cp312-cp312-manylinux1_x86_64.manylinux_2_28_x86_64.manylinux_2_5_x86_64.whl", hash = "sha256:042ec3bb8f319c147b1301f2393bc19dba6e176b7da446853406d041c36c7828", size = 88036, upload-time = "2025-08-12T05:52:34.784Z" },
    { url = "https://files.pythonhosted.org/packages/ca/38/2e1785df03b3d72d34fc6252d91d9d12dc27a5c89caef3335a1bbb8908ca/wrapt-1.17.3-cp312-cp312-manylinux2014_aarch64.manylinux_2_17_aarch64.manylinux_2_28_aarch64.whl", hash = "sha256:3af60380ba0b7b5aeb329bc4e402acd25bd877e98b3727b0135cb5c2efdaefe9", size = 88156, upload-time = "2025-08-12T05:52:13.599Z" },
    { url = "https://files.pythonhosted.org/packages/b3/8b/48cdb60fe0603e34e05cffda0b2a4adab81fd43718e11111a4b0100fd7c1/wrapt-1.17.3-cp312-cp312-musllinux_1_2_aarch64.whl", hash = "sha256:0b02e424deef65c9f7326d8c19220a2c9040c51dc165cddb732f16198c168396", size = 87102, upload-time = "2025-08-12T05:52:14.56Z" },
    { url = "https://files.pythonhosted.org/packages/3c/51/d81abca783b58f40a154f1b2c56db1d2d9e0d04fa2d4224e357529f57a57/wrapt-1.17.3-cp312-cp312-musllinux_1_2_x86_64.whl", hash = "sha256:74afa28374a3c3a11b3b5e5fca0ae03bef8450d6aa3ab3a1e2c30e3a75d023dc", size = 87732, upload-time = "2025-08-12T05:52:36.165Z" },
    { url = "https://files.pythonhosted.org/packages/9e/b1/43b286ca1392a006d5336412d41663eeef1ad57485f3e52c767376ba7e5a/wrapt-1.17.3-cp312-cp312-win32.whl", hash = "sha256:4da9f45279fff3543c371d5ababc57a0384f70be244de7759c85a7f989cb4ebe", size = 36705, upload-time = "2025-08-12T05:53:07.123Z" },
    { url = "https://files.pythonhosted.org/packages/28/de/49493f962bd3c586ab4b88066e967aa2e0703d6ef2c43aa28cb83bf7b507/wrapt-1.17.3-cp312-cp312-win_amd64.whl", hash = "sha256:e71d5c6ebac14875668a1e90baf2ea0ef5b7ac7918355850c0908ae82bcb297c", size = 38877, upload-time = "2025-08-12T05:53:05.436Z" },
    { url = "https://files.pythonhosted.org/packages/f1/48/0f7102fe9cb1e8a5a77f80d4f0956d62d97034bbe88d33e94699f99d181d/wrapt-1.17.3-cp312-cp312-win_arm64.whl", hash = "sha256:604d076c55e2fdd4c1c03d06dc1a31b95130010517b5019db15365ec4a405fc6", size = 36885, upload-time = "2025-08-12T05:52:54.367Z" },
    { url = "https://files.pythonhosted.org/packages/fc/f6/759ece88472157acb55fc195e5b116e06730f1b651b5b314c66291729193/wrapt-1.17.3-cp313-cp313-macosx_10_13_universal2.whl", hash = "sha256:a47681378a0439215912ef542c45a783484d4dd82bac412b71e59cf9c0e1cea0", size = 54003, upload-time = "2025-08-12T05:51:48.627Z" },
    { url = "https://files.pythonhosted.org/packages/4f/a9/49940b9dc6d47027dc850c116d79b4155f15c08547d04db0f07121499347/wrapt-1.17.3-cp313-cp313-macosx_10_13_x86_64.whl", hash = "sha256:54a30837587c6ee3cd1a4d1c2ec5d24e77984d44e2f34547e2323ddb4e22eb77", size = 39025, upload-time = "2025-08-12T05:51:37.156Z" },
    { url = "https://files.pythonhosted.org/packages/45/35/6a08de0f2c96dcdd7fe464d7420ddb9a7655a6561150e5fc4da9356aeaab/wrapt-1.17.3-cp313-cp313-macosx_11_0_arm64.whl", hash = "sha256:16ecf15d6af39246fe33e507105d67e4b81d8f8d2c6598ff7e3ca1b8a37213f7", size = 39108, upload-time = "2025-08-12T05:51:58.425Z" },
    { url = "https://files.pythonhosted.org/packages/0c/37/6faf15cfa41bf1f3dba80cd3f5ccc6622dfccb660ab26ed79f0178c7497f/wrapt-1.17.3-cp313-cp313-manylinux1_x86_64.manylinux_2_28_x86_64.manylinux_2_5_x86_64.whl", hash = "sha256:6fd1ad24dc235e4ab88cda009e19bf347aabb975e44fd5c2fb22a3f6e4141277", size = 88072, upload-time = "2025-08-12T05:52:37.53Z" },
    { url = "https://files.pythonhosted.org/packages/78/f2/efe19ada4a38e4e15b6dff39c3e3f3f73f5decf901f66e6f72fe79623a06/wrapt-1.17.3-cp313-cp313-manylinux2014_aarch64.manylinux_2_17_aarch64.manylinux_2_28_aarch64.whl", hash = "sha256:0ed61b7c2d49cee3c027372df5809a59d60cf1b6c2f81ee980a091f3afed6a2d", size = 88214, upload-time = "2025-08-12T05:52:15.886Z" },
    { url = "https://files.pythonhosted.org/packages/40/90/ca86701e9de1622b16e09689fc24b76f69b06bb0150990f6f4e8b0eeb576/wrapt-1.17.3-cp313-cp313-musllinux_1_2_aarch64.whl", hash = "sha256:423ed5420ad5f5529db9ce89eac09c8a2f97da18eb1c870237e84c5a5c2d60aa", size = 87105, upload-time = "2025-08-12T05:52:17.914Z" },
    { url = "https://files.pythonhosted.org/packages/fd/e0/d10bd257c9a3e15cbf5523025252cc14d77468e8ed644aafb2d6f54cb95d/wrapt-1.17.3-cp313-cp313-musllinux_1_2_x86_64.whl", hash = "sha256:e01375f275f010fcbf7f643b4279896d04e571889b8a5b3f848423d91bf07050", size = 87766, upload-time = "2025-08-12T05:52:39.243Z" },
    { url = "https://files.pythonhosted.org/packages/e8/cf/7d848740203c7b4b27eb55dbfede11aca974a51c3d894f6cc4b865f42f58/wrapt-1.17.3-cp313-cp313-win32.whl", hash = "sha256:53e5e39ff71b3fc484df8a522c933ea2b7cdd0d5d15ae82e5b23fde87d44cbd8", size = 36711, upload-time = "2025-08-12T05:53:10.074Z" },
    { url = "https://files.pythonhosted.org/packages/57/54/35a84d0a4d23ea675994104e667ceff49227ce473ba6a59ba2c84f250b74/wrapt-1.17.3-cp313-cp313-win_amd64.whl", hash = "sha256:1f0b2f40cf341ee8cc1a97d51ff50dddb9fcc73241b9143ec74b30fc4f44f6cb", size = 38885, upload-time = "2025-08-12T05:53:08.695Z" },
    { url = "https://files.pythonhosted.org/packages/01/77/66e54407c59d7b02a3c4e0af3783168fff8e5d61def52cda8728439d86bc/wrapt-1.17.3-cp313-cp313-win_arm64.whl", hash = "sha256:7425ac3c54430f5fc5e7b6f41d41e704db073309acfc09305816bc6a0b26bb16", size = 36896, upload-time = "2025-08-12T05:52:55.34Z" },
    { url = "https://files.pythonhosted.org/packages/41/be/be9b3b0a461ee3e30278706f3f3759b9b69afeedef7fe686036286c04ac6/wrapt-1.17.3-cp39-cp39-macosx_10_9_universal2.whl", hash = "sha256:30ce38e66630599e1193798285706903110d4f057aab3168a34b7fdc85569afc", size = 53485, upload-time = "2025-08-12T05:51:53.11Z" },
    { url = "https://files.pythonhosted.org/packages/b3/a8/8f61d6b8f526efc8c10e12bf80b4206099fea78ade70427846a37bc9cbea/wrapt-1.17.3-cp39-cp39-macosx_10_9_x86_64.whl", hash = "sha256:65d1d00fbfb3ea5f20add88bbc0f815150dbbde3b026e6c24759466c8b5a9ef9", size = 38675, upload-time = "2025-08-12T05:51:42.885Z" },
    { url = "https://files.pythonhosted.org/packages/48/f1/23950c29a25637b74b322f9e425a17cc01a478f6afb35138ecb697f9558d/wrapt-1.17.3-cp39-cp39-macosx_11_0_arm64.whl", hash = "sha256:a7c06742645f914f26c7f1fa47b8bc4c91d222f76ee20116c43d5ef0912bba2d", size = 38956, upload-time = "2025-08-12T05:52:03.149Z" },
    { url = "https://files.pythonhosted.org/packages/43/46/dd0791943613885f62619f18ee6107e6133237a6b6ed8a9ecfac339d0b4f/wrapt-1.17.3-cp39-cp39-manylinux1_x86_64.manylinux_2_28_x86_64.manylinux_2_5_x86_64.whl", hash = "sha256:7e18f01b0c3e4a07fe6dfdb00e29049ba17eadbc5e7609a2a3a4af83ab7d710a", size = 81745, upload-time = "2025-08-12T05:52:49.62Z" },
    { url = "https://files.pythonhosted.org/packages/dd/ec/bb2d19bd1a614cc4f438abac13ae26c57186197920432d2a915183b15a8b/wrapt-1.17.3-cp39-cp39-manylinux2014_aarch64.manylinux_2_17_aarch64.manylinux_2_28_aarch64.whl", hash = "sha256:0f5f51a6466667a5a356e6381d362d259125b57f059103dd9fdc8c0cf1d14139", size = 82833, upload-time = "2025-08-12T05:52:27.738Z" },
    { url = "https://files.pythonhosted.org/packages/8d/eb/66579aea6ad36f07617fedca8e282e49c7c9bab64c63b446cfe4f7f47a49/wrapt-1.17.3-cp39-cp39-musllinux_1_2_aarch64.whl", hash = "sha256:59923aa12d0157f6b82d686c3fd8e1166fa8cdfb3e17b42ce3b6147ff81528df", size = 81889, upload-time = "2025-08-12T05:52:29.023Z" },
    { url = "https://files.pythonhosted.org/packages/04/9c/a56b5ac0e2473bdc3fb11b22dd69ff423154d63861cf77911cdde5e38fd2/wrapt-1.17.3-cp39-cp39-musllinux_1_2_x86_64.whl", hash = "sha256:46acc57b331e0b3bcb3e1ca3b421d65637915cfcd65eb783cb2f78a511193f9b", size = 81344, upload-time = "2025-08-12T05:52:50.869Z" },
    { url = "https://files.pythonhosted.org/packages/93/4c/9bd735c42641d81cb58d7bfb142c58f95c833962d15113026705add41a07/wrapt-1.17.3-cp39-cp39-win32.whl", hash = "sha256:3e62d15d3cfa26e3d0788094de7b64efa75f3a53875cdbccdf78547aed547a81", size = 36462, upload-time = "2025-08-12T05:53:19.623Z" },
    { url = "https://files.pythonhosted.org/packages/f0/ea/0b72f29cb5ebc16eb55c57dc0c98e5de76fc97f435fd407f7d409459c0a6/wrapt-1.17.3-cp39-cp39-win_amd64.whl", hash = "sha256:1f23fa283f51c890eda8e34e4937079114c74b4c81d2b2f1f1d94948f5cc3d7f", size = 38740, upload-time = "2025-08-12T05:53:18.271Z" },
    { url = "https://files.pythonhosted.org/packages/c3/8b/9eae65fb92321e38dbfec7719b87d840a4b92fde83fd1bbf238c5488d055/wrapt-1.17.3-cp39-cp39-win_arm64.whl", hash = "sha256:24c2ed34dc222ed754247a2702b1e1e89fdbaa4016f324b4b8f1a802d4ffe87f", size = 36806, upload-time = "2025-08-12T05:52:58.765Z" },
    { url = "https://files.pythonhosted.org/packages/1f/f6/a933bd70f98e9cf3e08167fc5cd7aaaca49147e48411c0bd5ae701bb2194/wrapt-1.17.3-py3-none-any.whl", hash = "sha256:7171ae35d2c33d326ac19dd8facb1e82e5fd04ef8c6c0e394d7af55a55051c22", size = 23591, upload-time = "2025-08-12T05:53:20.674Z" },
]
